
Microsoft Visual Studio Solution File, Format Version 12.00
# Visual Studio Version 16
VisualStudioVersion = 16.0.31729.503
MinimumVisualStudioVersion = 10.0.40219.1
Project("{FAE04EC0-301F-11D3-BF4B-00C04F79EFBC}") = "FeladatNyilvantarto_projekt1_JakabLaszlo11B", "FeladatNyilvantarto_projekt1_JakabLaszlo11B\FeladatNyilvantarto_projekt1_JakabLaszlo11B.csproj", "{6050380C-BBAA-41AB-A6DB-C664ED009C01}"
EndProject
Global
	GlobalSection(SolutionConfigurationPlatforms) = preSolution
		Debug|Any CPU = Debug|Any CPU
		Release|Any CPU = Release|Any CPU
	EndGlobalSection
	GlobalSection(ProjectConfigurationPlatforms) = postSolution
		{6050380C-BBAA-41AB-A6DB-C664ED009C01}.Debug|Any CPU.ActiveCfg = Debug|Any CPU
		{6050380C-BBAA-41AB-A6DB-C664ED009C01}.Debug|Any CPU.Build.0 = Debug|Any CPU
		{6050380C-BBAA-41AB-A6DB-C664ED009C01}.Release|Any CPU.ActiveCfg = Release|Any CPU
		{6050380C-BBAA-41AB-A6DB-C664ED009C01}.Release|Any CPU.Build.0 = Release|Any CPU
	EndGlobalSection
	GlobalSection(SolutionProperties) = preSolution
		HideSolutionNode = FALSE
	EndGlobalSection
	GlobalSection(ExtensibilityGlobals) = postSolution
		SolutionGuid = {7CB4F57C-C135-46F3-8AEB-8BC19BD3AC31}
	EndGlobalSection
EndGlobal
